
Microsoft Visual Studio Solution File, Format Version 12.00
# Visual Studio 15
VisualStudioVersion = 15.0.28010.2026
MinimumVisualStudioVersion = 10.0.40219.1
Project("{FAE04EC0-301F-11D3-BF4B-00C04F79EFBC}") = "ViewAPIMaps", "ViewAPIMaps\ViewAPIMaps.csproj", "{52515F38-57B8-4143-8403-EEC46E17BC3E}"
EndProject
Global
	GlobalSection(SolutionConfigurationPlatforms) = preSolution
		Debug|Any CPU = Debug|Any CPU
		Release|Any CPU = Release|Any CPU
	EndGlobalSection
	GlobalSection(ProjectConfigurationPlatforms) = postSolution
		{52515F38-57B8-4143-8403-EEC46E17BC3E}.Debug|Any CPU.ActiveCfg = Debug|Any CPU
		{52515F38-57B8-4143-8403-EEC46E17BC3E}.Debug|Any CPU.Build.0 = Debug|Any CPU
		{52515F38-57B8-4143-8403-EEC46E17BC3E}.Release|Any CPU.ActiveCfg = Release|Any CPU
		{52515F38-57B8-4143-8403-EEC46E17BC3E}.Release|Any CPU.Build.0 = Release|Any CPU
	EndGlobalSection
	GlobalSection(SolutionProperties) = preSolution
		HideSolutionNode = FALSE
	EndGlobalSection
	GlobalSection(ExtensibilityGlobals) = postSolution
		SolutionGuid = {A5829737-CD9A-46BD-BDA7-D665F41298E6}
	EndGlobalSection
EndGlobal
